
Microsoft Visual Studio Solution File, Format Version 12.00
# Visual Studio Version 16
VisualStudioVersion = 16.0.30517.126
MinimumVisualStudioVersion = 10.0.40219.1
Project("{FAE04EC0-301F-11D3-BF4B-00C04F79EFBC}") = "WebAPIGlobalErrorHandling", "WebAPIGlobalErrorHandling\WebAPIGlobalErrorHandling.csproj", "{C069841D-AD56-45E9-8CCE-F5FB258F4B9C}"
EndProject
Project("{FAE04EC0-301F-11D3-BF4B-00C04F79EFBC}") = "LoggerService", "LoggerService\LoggerService.csproj", "{3BCD982D-3288-4EC6-AA19-2B70DFA0E423}"
EndProject
Global
	GlobalSection(SolutionConfigurationPlatforms) = preSolution
		Debug|Any CPU = Debug|Any CPU
		Release|Any CPU = Release|Any CPU
	EndGlobalSection
	GlobalSection(ProjectConfigurationPlatforms) = postSolution
		{C069841D-AD56-45E9-8CCE-F5FB258F4B9C}.Debug|Any CPU.ActiveCfg = Debug|Any CPU
		{C069841D-AD56-45E9-8CCE-F5FB258F4B9C}.Debug|Any CPU.Build.0 = Debug|Any CPU
		{C069841D-AD56-45E9-8CCE-F5FB258F4B9C}.Release|Any CPU.ActiveCfg = Release|Any CPU
		{C069841D-AD56-45E9-8CCE-F5FB258F4B9C}.Release|Any CPU.Build.0 = Release|Any CPU
		{3BCD982D-3288-4EC6-AA19-2B70DFA0E423}.Debug|Any CPU.ActiveCfg = Debug|Any CPU
		{3BCD982D-3288-4EC6-AA19-2B70DFA0E423}.Debug|Any CPU.Build.0 = Debug|Any CPU
		{3BCD982D-3288-4EC6-AA19-2B70DFA0E423}.Release|Any CPU.ActiveCfg = Release|Any CPU
		{3BCD982D-3288-4EC6-AA19-2B70DFA0E423}.Release|Any CPU.Build.0 = Release|Any CPU
	EndGlobalSection
	GlobalSection(SolutionProperties) = preSolution
		HideSolutionNode = FALSE
	EndGlobalSection
	GlobalSection(ExtensibilityGlobals) = postSolution
		SolutionGuid = {A23F44A2-FEB5-4FD8-AF3F-CF26035574F0}
	EndGlobalSection
EndGlobal
